
Microsoft Visual Studio Solution File, Format Version 12.00
# Visual Studio Version 16
VisualStudioVersion = 16.0.30413.136
MinimumVisualStudioVersion = 10.0.40219.1
Project("{FAE04EC0-301F-11D3-BF4B-00C04F79EFBC}") = "Project1", "Project1\Project1.csproj", "{EF03D0D5-F6EC-4E5D-B4E8-0212C11A9791}"
EndProject
Global
	GlobalSection(SolutionConfigurationPlatforms) = preSolution
		Debug|Any CPU = Debug|Any CPU
		Release|Any CPU = Release|Any CPU
	EndGlobalSection
	GlobalSection(ProjectConfigurationPlatforms) = postSolution
		{EF03D0D5-F6EC-4E5D-B4E8-0212C11A9791}.Debug|Any CPU.ActiveCfg = Debug|Any CPU
		{EF03D0D5-F6EC-4E5D-B4E8-0212C11A9791}.Debug|Any CPU.Build.0 = Debug|Any CPU
		{EF03D0D5-F6EC-4E5D-B4E8-0212C11A9791}.Release|Any CPU.ActiveCfg = Release|Any CPU
		{EF03D0D5-F6EC-4E5D-B4E8-0212C11A9791}.Release|Any CPU.Build.0 = Release|Any CPU
	EndGlobalSection
	GlobalSection(SolutionProperties) = preSolution
		HideSolutionNode = FALSE
	EndGlobalSection
	GlobalSection(ExtensibilityGlobals) = postSolution
		SolutionGuid = {A0DD0875-8D11-4FE3-8F40-0E865A5D5E10}
	EndGlobalSection
EndGlobal
